
Microsoft Visual Studio Solution File, Format Version 12.00
# Visual Studio Version 16
VisualStudioVersion = 16.0.28803.156
MinimumVisualStudioVersion = 10.0.40219.1
Project("{9A19103F-16F7-4668-BE54-9A1E7A4F7556}") = "SIS.HTTP", "SIS.HTTP\SIS.HTTP.csproj", "{B0EFD95C-2CC9-4A0D-AC00-97D65BED98DF}"
EndProject
Project("{2150E333-8FDC-42A3-9474-1A3956D46DE8}") = "Apps", "Apps", "{47708129-C3E2-4FE2-8D79-454C78149925}"
EndProject
Project("{2150E333-8FDC-42A3-9474-1A3956D46DE8}") = "IRunes", "IRunes", "{975FA711-98C2-4CAD-8DED-A2FFFB965F9A}"
EndProject
Project("{9A19103F-16F7-4668-BE54-9A1E7A4F7556}") = "IRunes.App", "Apps\IRunes\IRunes.App\IRunes.App.csproj", "{D2D20C9C-66D9-495F-8AC5-D84EDF1DF2C3}"
EndProject
Project("{9A19103F-16F7-4668-BE54-9A1E7A4F7556}") = "IRunes.Data", "Apps\IRunes\IRunes.Data\IRunes.Data.csproj", "{4E01D909-FC34-4B6D-BABB-6F316FB17BA6}"
EndProject
Project("{9A19103F-16F7-4668-BE54-9A1E7A4F7556}") = "IRunes.Models", "Apps\IRunes\IRunes.Models\IRunes.Models.csproj", "{4BE9540E-CDFD-4C0A-868E-BD7C89E317B4}"
EndProject
Project("{9A19103F-16F7-4668-BE54-9A1E7A4F7556}") = "SIS.MvcFramework.Tests", "SIS.MvcFramework.Tests\SIS.MvcFramework.Tests.csproj", "{89E33653-E5F3-4474-A12E-AC4220682C11}"
EndProject
Project("{9A19103F-16F7-4668-BE54-9A1E7A4F7556}") = "IRunes.Services", "Apps\IRunes\IRunes.Services\IRunes.Services.csproj", "{2EC6CA33-9827-4C3D-A6CD-EC6E62128650}"
EndProject
Project("{9A19103F-16F7-4668-BE54-9A1E7A4F7556}") = "SIS.MvcFramework", "SIS.MvcFramework\SIS.MvcFramework.csproj", "{D224C3DB-34C3-4904-8E92-8BAA6A316183}"
EndProject
Project("{9A19103F-16F7-4668-BE54-9A1E7A4F7556}") = "SIS.Common", "SIS.Common\SIS.Common.csproj", "{B5704B4A-209B-4594-B0CA-AC96EEFD42EC}"
EndProject
Project("{2150E333-8FDC-42A3-9474-1A3956D46DE8}") = "Torshia", "Torshia", "{A5287B8F-6C94-43F6-9C69-02C2787EF840}"
EndProject
Project("{9A19103F-16F7-4668-BE54-9A1E7A4F7556}") = "Torshia.App", "Torshia.App\Torshia.App.csproj", "{8A309C58-D202-4DF8-B5E6-76D098141A36}"
EndProject
Project("{9A19103F-16F7-4668-BE54-9A1E7A4F7556}") = "Torshia.Models", "Torshia.Models\Torshia.Models.csproj", "{ADF6AEC6-6AEA-4C15-9544-47EA32BD066A}"
EndProject
Project("{9A19103F-16F7-4668-BE54-9A1E7A4F7556}") = "Torshia.Data", "Torshia.Data\Torshia.Data.csproj", "{6D437AFC-DE3F-4CF9-AA67-F3180F304694}"
EndProject
Project("{2150E333-8FDC-42A3-9474-1A3956D46DE8}") = "PandaExam", "PandaExam", "{70687611-7074-43C9-A7DE-4CC14E263279}"
EndProject
Project("{FAE04EC0-301F-11D3-BF4B-00C04F79EFBC}") = "Panda.Web", "Panda.Web\Panda.Web.csproj", "{88972C01-AAE1-4131-9F15-494C3F1EBC7A}"
EndProject
Project("{FAE04EC0-301F-11D3-BF4B-00C04F79EFBC}") = "Panda.Data", "Panda.Data\Panda.Data.csproj", "{0A1013FC-76E2-4429-86A6-28DC5639F114}"
EndProject
Project("{FAE04EC0-301F-11D3-BF4B-00C04F79EFBC}") = "Panda.Services", "Panda.Services\Panda.Services.csproj", "{4633D995-1857-438E-8AE7-A2B3ADF00640}"
EndProject
Global
	GlobalSection(SolutionConfigurationPlatforms) = preSolution
		Debug|Any CPU = Debug|Any CPU
		Release|Any CPU = Release|Any CPU
	EndGlobalSection
	GlobalSection(ProjectConfigurationPlatforms) = postSolution
		{B0EFD95C-2CC9-4A0D-AC00-97D65BED98DF}.Debug|Any CPU.ActiveCfg = Debug|Any CPU
		{B0EFD95C-2CC9-4A0D-AC00-97D65BED98DF}.Debug|Any CPU.Build.0 = Debug|Any CPU
		{B0EFD95C-2CC9-4A0D-AC00-97D65BED98DF}.Release|Any CPU.ActiveCfg = Release|Any CPU
		{B0EFD95C-2CC9-4A0D-AC00-97D65BED98DF}.Release|Any CPU.Build.0 = Release|Any CPU
		{D2D20C9C-66D9-495F-8AC5-D84EDF1DF2C3}.Debug|Any CPU.ActiveCfg = Debug|Any CPU
		{D2D20C9C-66D9-495F-8AC5-D84EDF1DF2C3}.Debug|Any CPU.Build.0 = Debug|Any CPU
		{D2D20C9C-66D9-495F-8AC5-D84EDF1DF2C3}.Release|Any CPU.ActiveCfg = Release|Any CPU
		{D2D20C9C-66D9-495F-8AC5-D84EDF1DF2C3}.Release|Any CPU.Build.0 = Release|Any CPU
		{4E01D909-FC34-4B6D-BABB-6F316FB17BA6}.Debug|Any CPU.ActiveCfg = Debug|Any CPU
		{4E01D909-FC34-4B6D-BABB-6F316FB17BA6}.Debug|Any CPU.Build.0 = Debug|Any CPU
		{4E01D909-FC34-4B6D-BABB-6F316FB17BA6}.Release|Any CPU.ActiveCfg = Release|Any CPU
		{4E01D909-FC34-4B6D-BABB-6F316FB17BA6}.Release|Any CPU.Build.0 = Release|Any CPU
		{4BE9540E-CDFD-4C0A-868E-BD7C89E317B4}.Debug|Any CPU.ActiveCfg = Debug|Any CPU
		{4BE9540E-CDFD-4C0A-868E-BD7C89E317B4}.Debug|Any CPU.Build.0 = Debug|Any CPU
		{4BE9540E-CDFD-4C0A-868E-BD7C89E317B4}.Release|Any CPU.ActiveCfg = Release|Any CPU
		{4BE9540E-CDFD-4C0A-868E-BD7C89E317B4}.Release|Any CPU.Build.0 = Release|Any CPU
		{89E33653-E5F3-4474-A12E-AC4220682C11}.Debug|Any CPU.ActiveCfg = Debug|Any CPU
		{89E33653-E5F3-4474-A12E-AC4220682C11}.Debug|Any CPU.Build.0 = Debug|Any CPU
		{89E33653-E5F3-4474-A12E-AC4220682C11}.Release|Any CPU.ActiveCfg = Release|Any CPU
		{89E33653-E5F3-4474-A12E-AC4220682C11}.Release|Any CPU.Build.0 = Release|Any CPU
		{2EC6CA33-9827-4C3D-A6CD-EC6E62128650}.Debug|Any CPU.ActiveCfg = Debug|Any CPU
		{2EC6CA33-9827-4C3D-A6CD-EC6E62128650}.Debug|Any CPU.Build.0 = Debug|Any CPU
		{2EC6CA33-9827-4C3D-A6CD-EC6E62128650}.Release|Any CPU.ActiveCfg = Release|Any CPU
		{2EC6CA33-9827-4C3D-A6CD-EC6E62128650}.Release|Any CPU.Build.0 = Release|Any CPU
		{D224C3DB-34C3-4904-8E92-8BAA6A316183}.Debug|Any CPU.ActiveCfg = Debug|Any CPU
		{D224C3DB-34C3-4904-8E92-8BAA6A316183}.Debug|Any CPU.Build.0 = Debug|Any CPU
		{D224C3DB-34C3-4904-8E92-8BAA6A316183}.Release|Any CPU.ActiveCfg = Release|Any CPU
		{D224C3DB-34C3-4904-8E92-8BAA6A316183}.Release|Any CPU.Build.0 = Release|Any CPU
		{B5704B4A-209B-4594-B0CA-AC96EEFD42EC}.Debug|Any CPU.ActiveCfg = Debug|Any CPU
		{B5704B4A-209B-4594-B0CA-AC96EEFD42EC}.Debug|Any CPU.Build.0 = Debug|Any CPU
		{B5704B4A-209B-4594-B0CA-AC96EEFD42EC}.Release|Any CPU.ActiveCfg = Release|Any CPU
		{B5704B4A-209B-4594-B0CA-AC96EEFD42EC}.Release|Any CPU.Build.0 = Release|Any CPU
		{8A309C58-D202-4DF8-B5E6-76D098141A36}.Debug|Any CPU.ActiveCfg = Debug|Any CPU
		{8A309C58-D202-4DF8-B5E6-76D098141A36}.Debug|Any CPU.Build.0 = Debug|Any CPU
		{8A309C58-D202-4DF8-B5E6-76D098141A36}.Release|Any CPU.ActiveCfg = Release|Any CPU
		{8A309C58-D202-4DF8-B5E6-76D098141A36}.Release|Any CPU.Build.0 = Release|Any CPU
		{ADF6AEC6-6AEA-4C15-9544-47EA32BD066A}.Debug|Any CPU.ActiveCfg = Debug|Any CPU
		{ADF6AEC6-6AEA-4C15-9544-47EA32BD066A}.Debug|Any CPU.Build.0 = Debug|Any CPU
		{ADF6AEC6-6AEA-4C15-9544-47EA32BD066A}.Release|Any CPU.ActiveCfg = Release|Any CPU
		{ADF6AEC6-6AEA-4C15-9544-47EA32BD066A}.Release|Any CPU.Build.0 = Release|Any CPU
		{6D437AFC-DE3F-4CF9-AA67-F3180F304694}.Debug|Any CPU.ActiveCfg = Debug|Any CPU
		{6D437AFC-DE3F-4CF9-AA67-F3180F304694}.Debug|Any CPU.Build.0 = Debug|Any CPU
		{6D437AFC-DE3F-4CF9-AA67-F3180F304694}.Release|Any CPU.ActiveCfg = Release|Any CPU
		{6D437AFC-DE3F-4CF9-AA67-F3180F304694}.Release|Any CPU.Build.0 = Release|Any CPU
		{88972C01-AAE1-4131-9F15-494C3F1EBC7A}.Debug|Any CPU.ActiveCfg = Debug|Any CPU
		{88972C01-AAE1-4131-9F15-494C3F1EBC7A}.Debug|Any CPU.Build.0 = Debug|Any CPU
		{88972C01-AAE1-4131-9F15-494C3F1EBC7A}.Release|Any CPU.ActiveCfg = Release|Any CPU
		{88972C01-AAE1-4131-9F15-494C3F1EBC7A}.Release|Any CPU.Build.0 = Release|Any CPU
		{0A1013FC-76E2-4429-86A6-28DC5639F114}.Debug|Any CPU.ActiveCfg = Debug|Any CPU
		{0A1013FC-76E2-4429-86A6-28DC5639F114}.Debug|Any CPU.Build.0 = Debug|Any CPU
		{0A1013FC-76E2-4429-86A6-28DC5639F114}.Release|Any CPU.ActiveCfg = Release|Any CPU
		{0A1013FC-76E2-4429-86A6-28DC5639F114}.Release|Any CPU.Build.0 = Release|Any CPU
		{4633D995-1857-438E-8AE7-A2B3ADF00640}.Debug|Any CPU.ActiveCfg = Debug|Any CPU
		{4633D995-1857-438E-8AE7-A2B3ADF00640}.Debug|Any CPU.Build.0 = Debug|Any CPU
		{4633D995-1857-438E-8AE7-A2B3ADF00640}.Release|Any CPU.ActiveCfg = Release|Any CPU
		{4633D995-1857-438E-8AE7-A2B3ADF00640}.Release|Any CPU.Build.0 = Release|Any CPU
	EndGlobalSection
	GlobalSection(SolutionProperties) = preSolution
		HideSolutionNode = FALSE
	EndGlobalSection
	GlobalSection(NestedProjects) = preSolution
		{975FA711-98C2-4CAD-8DED-A2FFFB965F9A} = {47708129-C3E2-4FE2-8D79-454C78149925}
		{D2D20C9C-66D9-495F-8AC5-D84EDF1DF2C3} = {975FA711-98C2-4CAD-8DED-A2FFFB965F9A}
		{4E01D909-FC34-4B6D-BABB-6F316FB17BA6} = {975FA711-98C2-4CAD-8DED-A2FFFB965F9A}
		{4BE9540E-CDFD-4C0A-868E-BD7C89E317B4} = {975FA711-98C2-4CAD-8DED-A2FFFB965F9A}
		{2EC6CA33-9827-4C3D-A6CD-EC6E62128650} = {975FA711-98C2-4CAD-8DED-A2FFFB965F9A}
		{A5287B8F-6C94-43F6-9C69-02C2787EF840} = {47708129-C3E2-4FE2-8D79-454C78149925}
		{8A309C58-D202-4DF8-B5E6-76D098141A36} = {A5287B8F-6C94-43F6-9C69-02C2787EF840}
		{ADF6AEC6-6AEA-4C15-9544-47EA32BD066A} = {A5287B8F-6C94-43F6-9C69-02C2787EF840}
		{6D437AFC-DE3F-4CF9-AA67-F3180F304694} = {A5287B8F-6C94-43F6-9C69-02C2787EF840}
		{70687611-7074-43C9-A7DE-4CC14E263279} = {47708129-C3E2-4FE2-8D79-454C78149925}
		{88972C01-AAE1-4131-9F15-494C3F1EBC7A} = {70687611-7074-43C9-A7DE-4CC14E263279}
		{0A1013FC-76E2-4429-86A6-28DC5639F114} = {70687611-7074-43C9-A7DE-4CC14E263279}
		{4633D995-1857-438E-8AE7-A2B3ADF00640} = {70687611-7074-43C9-A7DE-4CC14E263279}
	EndGlobalSection
	GlobalSection(ExtensibilityGlobals) = postSolution
		SolutionGuid = {95749778-C448-4913-B813-04C78D964222}
	EndGlobalSection
EndGlobal
